// !$*UTF8*$!
{
	archiveVersion = 1;
	classes = {
	};
	objectVersion = 56;
	objects = {

/* Begin PBXBuildFile section */
		A237FD3F2C3A68AE00B319B8 /* OptSnipApp.swift in Sources */ = {isa = PBXBuildFile; fileRef = A237FD3E2C3A68AE00B319B8 /* OptSnipApp.swift */; };
		A237FD432C3A68AF00B319B8 /* Assets.xcassets in Resources */ = {isa = PBXBuildFile; fileRef = A237FD422C3A68AF00B319B8 /* Assets.xcassets */; };
		A237FD462C3A68AF00B319B8 /* Preview Assets.xcassets in Resources */ = {isa = PBXBuildFile; fileRef = A237FD452C3A68AF00B319B8 /* Preview Assets.xcassets */; };
		A237FD512C3A68AF00B319B8 /* OptSnipTests.swift in Sources */ = {isa = PBXBuildFile; fileRef = A237FD502C3A68AF00B319B8 /* OptSnipTests.swift */; };
		A237FD5B2C3A68AF00B319B8 /* OptSnipUITests.swift in Sources */ = {isa = PBXBuildFile; fileRef = A237FD5A2C3A68AF00B319B8 /* OptSnipUITests.swift */; };
		A237FD5D2C3A68AF00B319B8 /* OptSnipUITestsLaunchTests.swift in Sources */ = {isa = PBXBuildFile; fileRef = A237FD5C2C3A68AF00B319B8 /* OptSnipUITestsLaunchTests.swift */; };
		A237FD6F2C3C4AA600B319B8 /* SnipAreaViewModel.swift in Sources */ = {isa = PBXBuildFile; fileRef = A237FD6E2C3C4AA600B319B8 /* SnipAreaViewModel.swift */; };
		A237FD712C3C4C0800B319B8 /* SnipContent.swift in Sources */ = {isa = PBXBuildFile; fileRef = A237FD702C3C4C0800B319B8 /* SnipContent.swift */; };
		A237FD732C3C4C2300B319B8 /* SnipCorners.swift in Sources */ = {isa = PBXBuildFile; fileRef = A237FD722C3C4C2300B319B8 /* SnipCorners.swift */; };
		A237FD772C3D83B000B319B8 /* AppDelegate.swift in Sources */ = {isa = PBXBuildFile; fileRef = A237FD762C3D83B000B319B8 /* AppDelegate.swift */; };
		A237FD7A2C3D89EC00B319B8 /* TransparentWindowController.swift in Sources */ = {isa = PBXBuildFile; fileRef = A237FD792C3D89EC00B319B8 /* TransparentWindowController.swift */; };
		A237FD7C2C3D8EE300B319B8 /* TransparentView.swift in Sources */ = {isa = PBXBuildFile; fileRef = A237FD7B2C3D8EE300B319B8 /* TransparentView.swift */; };
		A237FD7E2C3EDD1900B319B8 /* AppMenu.swift in Sources */ = {isa = PBXBuildFile; fileRef = A237FD7D2C3EDD1900B319B8 /* AppMenu.swift */; };
		A293D8D02C4C1E73006C9129 /* HollowView.swift in Sources */ = {isa = PBXBuildFile; fileRef = A293D8CF2C4C1E73006C9129 /* HollowView.swift */; };
		A2F76C342C403C5B00F26CFE /* SnipArea.swift in Sources */ = {isa = PBXBuildFile; fileRef = A2F76C332C403C5B00F26CFE /* SnipArea.swift */; };
/* End PBXBuildFile section */

/* Begin PBXContainerItemProxy section */
		A237FD4D2C3A68AF00B319B8 /* PBXContainerItemProxy */ = {
			isa = PBXContainerItemProxy;
			containerPortal = A237FD332C3A68AE00B319B8 /* Project object */;
			proxyType = 1;
			remoteGlobalIDString = A237FD3A2C3A68AE00B319B8;
			remoteInfo = OptSnip;
		};
		A237FD572C3A68AF00B319B8 /* PBXContainerItemProxy */ = {
			isa = PBXContainerItemProxy;
			containerPortal = A237FD332C3A68AE00B319B8 /* Project object */;
			proxyType = 1;
			remoteGlobalIDString = A237FD3A2C3A68AE00B319B8;
			remoteInfo = OptSnip;
		};
/* End PBXContainerItemProxy section */

/* Begin PBXFileReference section */
		A237FD3B2C3A68AE00B319B8 /* OptSnip.app */ = {isa = PBXFileReference; explicitFileType = wrapper.application; includeInIndex = 0; path = OptSnip.app; sourceTree = BUILT_PRODUCTS_DIR; };
		A237FD3E2C3A68AE00B319B8 /* OptSnipApp.swift */ = {isa = PBXFileReference; lastKnownFileType = sourcecode.swift; path = OptSnipApp.swift; sourceTree = "<group>"; };
		A237FD422C3A68AF00B319B8 /* Assets.xcassets */ = {isa = PBXFileReference; lastKnownFileType = folder.assetcatalog; path = Assets.xcassets; sourceTree = "<group>"; };
		A237FD452C3A68AF00B319B8 /* Preview Assets.xcassets */ = {isa = PBXFileReference; lastKnownFileType = folder.assetcatalog; path = "Preview Assets.xcassets"; sourceTree = "<group>"; };
		A237FD472C3A68AF00B319B8 /* OptSnip.entitlements */ = {isa = PBXFileReference; lastKnownFileType = text.plist.entitlements; path = OptSnip.entitlements; sourceTree = "<group>"; };
		A237FD4C2C3A68AF00B319B8 /* OptSnipTests.xctest */ = {isa = PBXFileReference; explicitFileType = wrapper.cfbundle; includeInIndex = 0; path = OptSnipTests.xctest; sourceTree = BUILT_PRODUCTS_DIR; };
		A237FD502C3A68AF00B319B8 /* OptSnipTests.swift */ = {isa = PBXFileReference; lastKnownFileType = sourcecode.swift; path = OptSnipTests.swift; sourceTree = "<group>"; };
		A237FD562C3A68AF00B319B8 /* OptSnipUITests.xctest */ = {isa = PBXFileReference; explicitFileType = wrapper.cfbundle; includeInIndex = 0; path = OptSnipUITests.xctest; sourceTree = BUILT_PRODUCTS_DIR; };
		A237FD5A2C3A68AF00B319B8 /* OptSnipUITests.swift */ = {isa = PBXFileReference; lastKnownFileType = sourcecode.swift; path = OptSnipUITests.swift; sourceTree = "<group>"; };
		A237FD5C2C3A68AF00B319B8 /* OptSnipUITestsLaunchTests.swift */ = {isa = PBXFileReference; lastKnownFileType = sourcecode.swift; path = OptSnipUITestsLaunchTests.swift; sourceTree = "<group>"; };
		A237FD6E2C3C4AA600B319B8 /* SnipAreaViewModel.swift */ = {isa = PBXFileReference; lastKnownFileType = sourcecode.swift; path = SnipAreaViewModel.swift; sourceTree = "<group>"; };
		A237FD702C3C4C0800B319B8 /* SnipContent.swift */ = {isa = PBXFileReference; lastKnownFileType = sourcecode.swift; path = SnipContent.swift; sourceTree = "<group>"; };
		A237FD722C3C4C2300B319B8 /* SnipCorners.swift */ = {isa = PBXFileReference; lastKnownFileType = sourcecode.swift; path = SnipCorners.swift; sourceTree = "<group>"; };
		A237FD762C3D83B000B319B8 /* AppDelegate.swift */ = {isa = PBXFileReference; lastKnownFileType = sourcecode.swift; path = AppDelegate.swift; sourceTree = "<group>"; };
		A237FD792C3D89EC00B319B8 /* TransparentWindowController.swift */ = {isa = PBXFileReference; lastKnownFileType = sourcecode.swift; path = TransparentWindowController.swift; sourceTree = "<group>"; };
		A237FD7B2C3D8EE300B319B8 /* TransparentView.swift */ = {isa = PBXFileReference; lastKnownFileType = sourcecode.swift; path = TransparentView.swift; sourceTree = "<group>"; };
		A237FD7D2C3EDD1900B319B8 /* AppMenu.swift */ = {isa = PBXFileReference; lastKnownFileType = sourcecode.swift; path = AppMenu.swift; sourceTree = "<group>"; };
		A293D8CF2C4C1E73006C9129 /* HollowView.swift */ = {isa = PBXFileReference; lastKnownFileType = sourcecode.swift; path = HollowView.swift; sourceTree = "<group>"; };
		A2F76C332C403C5B00F26CFE /* SnipArea.swift */ = {isa = PBXFileReference; lastKnownFileType = sourcecode.swift; path = SnipArea.swift; sourceTree = "<group>"; };
/* End PBXFileReference section */

/* Begin PBXFrameworksBuildPhase section */
		A237FD382C3A68AE00B319B8 /* Frameworks */ = {
			isa = PBXFrameworksBuildPhase;
			buildActionMask = 2147483647;
			files = (
			);
			runOnlyForDeploymentPostprocessing = 0;
		};
		A237FD492C3A68AF00B319B8 /* Frameworks */ = {
			isa = PBXFrameworksBuildPhase;
			buildActionMask = 2147483647;
			files = (
			);
			runOnlyForDeploymentPostprocessing = 0;
		};
		A237FD532C3A68AF00B319B8 /* Frameworks */ = {
			isa = PBXFrameworksBuildPhase;
			buildActionMask = 2147483647;
			files = (
			);
			runOnlyForDeploymentPostprocessing = 0;
		};
/* End PBXFrameworksBuildPhase section */

/* Begin PBXGroup section */
		A237FD322C3A68AE00B319B8 = {
			isa = PBXGroup;
			children = (
				A237FD3D2C3A68AE00B319B8 /* OptSnip */,
				A237FD4F2C3A68AF00B319B8 /* OptSnipTests */,
				A237FD592C3A68AF00B319B8 /* OptSnipUITests */,
				A237FD3C2C3A68AE00B319B8 /* Products */,
			);
			sourceTree = "<group>";
		};
		A237FD3C2C3A68AE00B319B8 /* Products */ = {
			isa = PBXGroup;
			children = (
				A237FD3B2C3A68AE00B319B8 /* OptSnip.app */,
				A237FD4C2C3A68AF00B319B8 /* OptSnipTests.xctest */,
				A237FD562C3A68AF00B319B8 /* OptSnipUITests.xctest */,
			);
			name = Products;
			sourceTree = "<group>";
		};
		A237FD3D2C3A68AE00B319B8 /* OptSnip */ = {
			isa = PBXGroup;
			children = (
				A237FD692C3A68DA00B319B8 /* Sources */,
				A237FD3E2C3A68AE00B319B8 /* OptSnipApp.swift */,
				A237FD762C3D83B000B319B8 /* AppDelegate.swift */,
				A237FD422C3A68AF00B319B8 /* Assets.xcassets */,
				A237FD472C3A68AF00B319B8 /* OptSnip.entitlements */,
				A237FD442C3A68AF00B319B8 /* Preview Content */,
			);
			path = OptSnip;
			sourceTree = "<group>";
		};
		A237FD442C3A68AF00B319B8 /* Preview Content */ = {
			isa = PBXGroup;
			children = (
				A237FD452C3A68AF00B319B8 /* Preview Assets.xcassets */,
			);
			path = "Preview Content";
			sourceTree = "<group>";
		};
		A237FD4F2C3A68AF00B319B8 /* OptSnipTests */ = {
			isa = PBXGroup;
			children = (
				A237FD502C3A68AF00B319B8 /* OptSnipTests.swift */,
			);
			path = OptSnipTests;
			sourceTree = "<group>";
		};
		A237FD592C3A68AF00B319B8 /* OptSnipUITests */ = {
			isa = PBXGroup;
			children = (
				A237FD5A2C3A68AF00B319B8 /* OptSnipUITests.swift */,
				A237FD5C2C3A68AF00B319B8 /* OptSnipUITestsLaunchTests.swift */,
			);
			path = OptSnipUITests;
			sourceTree = "<group>";
		};
		A237FD692C3A68DA00B319B8 /* Sources */ = {
			isa = PBXGroup;
			children = (
				A237FD6A2C3A6ACA00B319B8 /* Features */,
			);
			path = Sources;
			sourceTree = "<group>";
		};
		A237FD6A2C3A6ACA00B319B8 /* Features */ = {
			isa = PBXGroup;
			children = (
				A237FD6B2C3A6AD400B319B8 /* Common */,
			);
			path = Features;
			sourceTree = "<group>";
		};
		A237FD6B2C3A6AD400B319B8 /* Common */ = {
			isa = PBXGroup;
			children = (
				A237FD782C3D89B900B319B8 /* Controllers */,
				A237FD6D2C3C4A3D00B319B8 /* ViewModels */,
				A237FD6C2C3A6ADE00B319B8 /* Views */,
			);
			path = Common;
			sourceTree = "<group>";
		};
		A237FD6C2C3A6ADE00B319B8 /* Views */ = {
			isa = PBXGroup;
			children = (
				A237FD702C3C4C0800B319B8 /* SnipContent.swift */,
				A237FD722C3C4C2300B319B8 /* SnipCorners.swift */,
				A237FD7B2C3D8EE300B319B8 /* TransparentView.swift */,
				A293D8CF2C4C1E73006C9129 /* HollowView.swift */,
				A237FD7D2C3EDD1900B319B8 /* AppMenu.swift */,
				A2F76C332C403C5B00F26CFE /* SnipArea.swift */,
			);
			path = Views;
			sourceTree = "<group>";
		};
		A237FD6D2C3C4A3D00B319B8 /* ViewModels */ = {
			isa = PBXGroup;
			children = (
				A237FD6E2C3C4AA600B319B8 /* SnipAreaViewModel.swift */,
			);
			path = ViewModels;
			sourceTree = "<group>";
		};
		A237FD782C3D89B900B319B8 /* Controllers */ = {
			isa = PBXGroup;
			children = (
				A237FD792C3D89EC00B319B8 /* TransparentWindowController.swift */,
			);
			path = Controllers;
			sourceTree = "<group>";
		};
/* End PBXGroup section */

/* Begin PBXNativeTarget section */
		A237FD3A2C3A68AE00B319B8 /* OptSnip */ = {
			isa = PBXNativeTarget;
			buildConfigurationList = A237FD602C3A68AF00B319B8 /* Build configuration list for PBXNativeTarget "OptSnip" */;
			buildPhases = (
				A237FD372C3A68AE00B319B8 /* Sources */,
				A237FD382C3A68AE00B319B8 /* Frameworks */,
				A237FD392C3A68AE00B319B8 /* Resources */,
			);
			buildRules = (
			);
			dependencies = (
			);
			name = OptSnip;
			productName = OptSnip;
			productReference = A237FD3B2C3A68AE00B319B8 /* OptSnip.app */;
			productType = "com.apple.product-type.application";
		};
		A237FD4B2C3A68AF00B319B8 /* OptSnipTests */ = {
			isa = PBXNativeTarget;
			buildConfigurationList = A237FD632C3A68AF00B319B8 /* Build configuration list for PBXNativeTarget "OptSnipTests" */;
			buildPhases = (
				A237FD482C3A68AF00B319B8 /* Sources */,
				A237FD492C3A68AF00B319B8 /* Frameworks */,
				A237FD4A2C3A68AF00B319B8 /* Resources */,
			);
			buildRules = (
			);
			dependencies = (
				A237FD4E2C3A68AF00B319B8 /* PBXTargetDependency */,
			);
			name = OptSnipTests;
			productName = OptSnipTests;
			productReference = A237FD4C2C3A68AF00B319B8 /* OptSnipTests.xctest */;
			productType = "com.apple.product-type.bundle.unit-test";
		};
		A237FD552C3A68AF00B319B8 /* OptSnipUITests */ = {
			isa = PBXNativeTarget;
			buildConfigurationList = A237FD662C3A68AF00B319B8 /* Build configuration list for PBXNativeTarget "OptSnipUITests" */;
			buildPhases = (
				A237FD522C3A68AF00B319B8 /* Sources */,
				A237FD532C3A68AF00B319B8 /* Frameworks */,
				A237FD542C3A68AF00B319B8 /* Resources */,
			);
			buildRules = (
			);
			dependencies = (
				A237FD582C3A68AF00B319B8 /* PBXTargetDependency */,
			);
			name = OptSnipUITests;
			productName = OptSnipUITests;
			productReference = A237FD562C3A68AF00B319B8 /* OptSnipUITests.xctest */;
			productType = "com.apple.product-type.bundle.ui-testing";
		};
/* End PBXNativeTarget section */

/* Begin PBXProject section */
		A237FD332C3A68AE00B319B8 /* Project object */ = {
			isa = PBXProject;
			attributes = {
				BuildIndependentTargetsInParallel = 1;
				LastSwiftUpdateCheck = 1510;
				LastUpgradeCheck = 1510;
				TargetAttributes = {
					A237FD3A2C3A68AE00B319B8 = {
						CreatedOnToolsVersion = 15.1;
					};
					A237FD4B2C3A68AF00B319B8 = {
						CreatedOnToolsVersion = 15.1;
						TestTargetID = A237FD3A2C3A68AE00B319B8;
					};
					A237FD552C3A68AF00B319B8 = {
						CreatedOnToolsVersion = 15.1;
						TestTargetID = A237FD3A2C3A68AE00B319B8;
					};
				};
			};
			buildConfigurationList = A237FD362C3A68AE00B319B8 /* Build configuration list for PBXProject "OptSnip" */;
			compatibilityVersion = "Xcode 14.0";
			developmentRegion = en;
			hasScannedForEncodings = 0;
			knownRegions = (
				en,
				Base,
			);
			mainGroup = A237FD322C3A68AE00B319B8;
			productRefGroup = A237FD3C2C3A68AE00B319B8 /* Products */;
			projectDirPath = "";
			projectRoot = "";
			targets = (
				A237FD3A2C3A68AE00B319B8 /* OptSnip */,
				A237FD4B2C3A68AF00B319B8 /* OptSnipTests */,
				A237FD552C3A68AF00B319B8 /* OptSnipUITests */,
			);
		};
/* End PBXProject section */

/* Begin PBXResourcesBuildPhase section */
		A237FD392C3A68AE00B319B8 /* Resources */ = {
			isa = PBXResourcesBuildPhase;
			buildActionMask = 2147483647;
			files = (
				A237FD462C3A68AF00B319B8 /* Preview Assets.xcassets in Resources */,
				A237FD432C3A68AF00B319B8 /* Assets.xcassets in Resources */,
			);
			runOnlyForDeploymentPostprocessing = 0;
		};
		A237FD4A2C3A68AF00B319B8 /* Resources */ = {
			isa = PBXResourcesBuildPhase;
			buildActionMask = 2147483647;
			files = (
			);
			runOnlyForDeploymentPostprocessing = 0;
		};
		A237FD542C3A68AF00B319B8 /* Resources */ = {
			isa = PBXResourcesBuildPhase;
			buildActionMask = 2147483647;
			files = (
			);
			runOnlyForDeploymentPostprocessing = 0;
		};
/* End PBXResourcesBuildPhase section */

/* Begin PBXSourcesBuildPhase section */
		A237FD372C3A68AE00B319B8 /* Sources */ = {
			isa = PBXSourcesBuildPhase;
			buildActionMask = 2147483647;
			files = (
				A237FD772C3D83B000B319B8 /* AppDelegate.swift in Sources */,
				A237FD712C3C4C0800B319B8 /* SnipContent.swift in Sources */,
				A2F76C342C403C5B00F26CFE /* SnipArea.swift in Sources */,
				A237FD7A2C3D89EC00B319B8 /* TransparentWindowController.swift in Sources */,
				A237FD3F2C3A68AE00B319B8 /* OptSnipApp.swift in Sources */,
				A293D8D02C4C1E73006C9129 /* HollowView.swift in Sources */,
				A237FD7C2C3D8EE300B319B8 /* TransparentView.swift in Sources */,
				A237FD7E2C3EDD1900B319B8 /* AppMenu.swift in Sources */,
				A237FD732C3C4C2300B319B8 /* SnipCorners.swift in Sources */,
				A237FD6F2C3C4AA600B319B8 /* SnipAreaViewModel.swift in Sources */,
			);
			runOnlyForDeploymentPostprocessing = 0;
		};
		A237FD482C3A68AF00B319B8 /* Sources */ = {
			isa = PBXSourcesBuildPhase;
			buildActionMask = 2147483647;
			files = (
				A237FD512C3A68AF00B319B8 /* OptSnipTests.swift in Sources */,
			);
			runOnlyForDeploymentPostprocessing = 0;
		};
		A237FD522C3A68AF00B319B8 /* Sources */ = {
			isa = PBXSourcesBuildPhase;
			buildActionMask = 2147483647;
			files = (
				A237FD5D2C3A68AF00B319B8 /* OptSnipUITestsLaunchTests.swift in Sources */,
				A237FD5B2C3A68AF00B319B8 /* OptSnipUITests.swift in Sources */,
			);
			runOnlyForDeploymentPostprocessing = 0;
		};
/* End PBXSourcesBuildPhase section */

/* Begin PBXTargetDependency section */
		A237FD4E2C3A68AF00B319B8 /* PBXTargetDependency */ = {
			isa = PBXTargetDependency;
			target = A237FD3A2C3A68AE00B319B8 /* OptSnip */;
			targetProxy = A237FD4D2C3A68AF00B319B8 /* PBXContainerItemProxy */;
		};
		A237FD582C3A68AF00B319B8 /* PBXTargetDependency */ = {
			isa = PBXTargetDependency;
			target = A237FD3A2C3A68AE00B319B8 /* OptSnip */;
			targetProxy = A237FD572C3A68AF00B319B8 /* PBXContainerItemProxy */;
		};
/* End PBXTargetDependency section */

/* Begin XCBuildConfiguration section */
		A237FD5E2C3A68AF00B319B8 /* Debug */ = {
			isa = XCBuildConfiguration;
			buildSettings = {
				ALWAYS_SEARCH_USER_PATHS = NO;
				ASSETCATALOG_COMPILER_GENERATE_SWIFT_ASSET_SYMBOL_EXTENSIONS = YES;
				CLANG_ANALYZER_NONNULL = YES;
				CLANG_ANALYZER_NUMBER_OBJECT_CONVERSION = YES_AGGRESSIVE;
				CLANG_CXX_LANGUAGE_STANDARD = "gnu++20";
				CLANG_ENABLE_MODULES = YES;
				CLANG_ENABLE_OBJC_ARC = YES;
				CLANG_ENABLE_OBJC_WEAK = YES;
				CLANG_WARN_BLOCK_CAPTURE_AUTORELEASING = YES;
				CLANG_WARN_BOOL_CONVERSION = YES;
				CLANG_WARN_COMMA = YES;
				CLANG_WARN_CONSTANT_CONVERSION = YES;
				CLANG_WARN_DEPRECATED_OBJC_IMPLEMENTATIONS = YES;
				CLANG_WARN_DIRECT_OBJC_ISA_USAGE = YES_ERROR;
				CLANG_WARN_DOCUMENTATION_COMMENTS = YES;
				CLANG_WARN_EMPTY_BODY = YES;
				CLANG_WARN_ENUM_CONVERSION = YES;
				CLANG_WARN_INFINITE_RECURSION = YES;
				CLANG_WARN_INT_CONVERSION = YES;
				CLANG_WARN_NON_LITERAL_NULL_CONVERSION = YES;
				CLANG_WARN_OBJC_IMPLICIT_RETAIN_SELF = YES;
				CLANG_WARN_OBJC_LITERAL_CONVERSION = YES;
				CLANG_WARN_OBJC_ROOT_CLASS = YES_ERROR;
				CLANG_WARN_QUOTED_INCLUDE_IN_FRAMEWORK_HEADER = YES;
				CLANG_WARN_RANGE_LOOP_ANALYSIS = YES;
				CLANG_WARN_STRICT_PROTOTYPES = YES;
				CLANG_WARN_SUSPICIOUS_MOVE = YES;
				CLANG_WARN_UNGUARDED_AVAILABILITY = YES_AGGRESSIVE;
				CLANG_WARN_UNREACHABLE_CODE = YES;
				CLANG_WARN__DUPLICATE_METHOD_MATCH = YES;
				COPY_PHASE_STRIP = NO;
				DEBUG_INFORMATION_FORMAT = dwarf;
				ENABLE_STRICT_OBJC_MSGSEND = YES;
				ENABLE_TESTABILITY = YES;
				ENABLE_USER_SCRIPT_SANDBOXING = YES;
				GCC_C_LANGUAGE_STANDARD = gnu17;
				GCC_DYNAMIC_NO_PIC = NO;
				GCC_NO_COMMON_BLOCKS = YES;
				GCC_OPTIMIZATION_LEVEL = 0;
				GCC_PREPROCESSOR_DEFINITIONS = (
					"DEBUG=1",
					"$(inherited)",
				);
				GCC_WARN_64_TO_32_BIT_CONVERSION = YES;
				GCC_WARN_ABOUT_RETURN_TYPE = YES_ERROR;
				GCC_WARN_UNDECLARED_SELECTOR = YES;
				GCC_WARN_UNINITIALIZED_AUTOS = YES_AGGRESSIVE;
				GCC_WARN_UNUSED_FUNCTION = YES;
				GCC_WARN_UNUSED_VARIABLE = YES;
				LOCALIZATION_PREFERS_STRING_CATALOGS = YES;
				MACOSX_DEPLOYMENT_TARGET = 14.1;
				MTL_ENABLE_DEBUG_INFO = INCLUDE_SOURCE;
				MTL_FAST_MATH = YES;
				ONLY_ACTIVE_ARCH = YES;
				SDKROOT = macosx;
				SWIFT_ACTIVE_COMPILATION_CONDITIONS = "DEBUG $(inherited)";
				SWIFT_OPTIMIZATION_LEVEL = "-Onone";
			};
			name = Debug;
		};
		A237FD5F2C3A68AF00B319B8 /* Release */ = {
			isa = XCBuildConfiguration;
			buildSettings = {
				ALWAYS_SEARCH_USER_PATHS = NO;
				ASSETCATALOG_COMPILER_GENERATE_SWIFT_ASSET_SYMBOL_EXTENSIONS = YES;
				CLANG_ANALYZER_NONNULL = YES;
				CLANG_ANALYZER_NUMBER_OBJECT_CONVERSION = YES_AGGRESSIVE;
				CLANG_CXX_LANGUAGE_STANDARD = "gnu++20";
				CLANG_ENABLE_MODULES = YES;
				CLANG_ENABLE_OBJC_ARC = YES;
				CLANG_ENABLE_OBJC_WEAK = YES;
				CLANG_WARN_BLOCK_CAPTURE_AUTORELEASING = YES;
				CLANG_WARN_BOOL_CONVERSION = YES;
				CLANG_WARN_COMMA = YES;
				CLANG_WARN_CONSTANT_CONVERSION = YES;
				CLANG_WARN_DEPRECATED_OBJC_IMPLEMENTATIONS = YES;
				CLANG_WARN_DIRECT_OBJC_ISA_USAGE = YES_ERROR;
				CLANG_WARN_DOCUMENTATION_COMMENTS = YES;
				CLANG_WARN_EMPTY_BODY = YES;
				CLANG_WARN_ENUM_CONVERSION = YES;
				CLANG_WARN_INFINITE_RECURSION = YES;
				CLANG_WARN_INT_CONVERSION = YES;
				CLANG_WARN_NON_LITERAL_NULL_CONVERSION = YES;
				CLANG_WARN_OBJC_IMPLICIT_RETAIN_SELF = YES;
				CLANG_WARN_OBJC_LITERAL_CONVERSION = YES;
				CLANG_WARN_OBJC_ROOT_CLASS = YES_ERROR;
				CLANG_WARN_QUOTED_INCLUDE_IN_FRAMEWORK_HEADER = YES;
				CLANG_WARN_RANGE_LOOP_ANALYSIS = YES;
				CLANG_WARN_STRICT_PROTOTYPES = YES;
				CLANG_WARN_SUSPICIOUS_MOVE = YES;
				CLANG_WARN_UNGUARDED_AVAILABILITY = YES_AGGRESSIVE;
				CLANG_WARN_UNREACHABLE_CODE = YES;
				CLANG_WARN__DUPLICATE_METHOD_MATCH = YES;
				COPY_PHASE_STRIP = NO;
				DEBUG_INFORMATION_FORMAT = "dwarf-with-dsym";
				ENABLE_NS_ASSERTIONS = NO;
				ENABLE_STRICT_OBJC_MSGSEND = YES;
				ENABLE_USER_SCRIPT_SANDBOXING = YES;
				GCC_C_LANGUAGE_STANDARD = gnu17;
				GCC_NO_COMMON_BLOCKS = YES;
				GCC_WARN_64_TO_32_BIT_CONVERSION = YES;
				GCC_WARN_ABOUT_RETURN_TYPE = YES_ERROR;
				GCC_WARN_UNDECLARED_SELECTOR = YES;
				GCC_WARN_UNINITIALIZED_AUTOS = YES_AGGRESSIVE;
				GCC_WARN_UNUSED_FUNCTION = YES;
				GCC_WARN_UNUSED_VARIABLE = YES;
				LOCALIZATION_PREFERS_STRING_CATALOGS = YES;
				MACOSX_DEPLOYMENT_TARGET = 14.1;
				MTL_ENABLE_DEBUG_INFO = NO;
				MTL_FAST_MATH = YES;
				SDKROOT = macosx;
				SWIFT_COMPILATION_MODE = wholemodule;
			};
			name = Release;
		};
		A237FD612C3A68AF00B319B8 /* Debug */ = {
			isa = XCBuildConfiguration;
			buildSettings = {
				ASSETCATALOG_COMPILER_APPICON_NAME = AppIcon;
				ASSETCATALOG_COMPILER_GLOBAL_ACCENT_COLOR_NAME = AccentColor;
				CODE_SIGN_ENTITLEMENTS = OptSnip/OptSnip.entitlements;
				CODE_SIGN_STYLE = Automatic;
				COMBINE_HIDPI_IMAGES = YES;
				CURRENT_PROJECT_VERSION = 1;
				DEVELOPMENT_ASSET_PATHS = "\"OptSnip/Preview Content\"";
				ENABLE_PREVIEWS = YES;
				GENERATE_INFOPLIST_FILE = YES;
				INFOPLIST_KEY_NSHumanReadableCopyright = "";
				LD_RUNPATH_SEARCH_PATHS = (
					"$(inherited)",
					"@executable_path/../Frameworks",
				);
				MARKETING_VERSION = 1.0;
				PRODUCT_BUNDLE_IDENTIFIER = com.wen.OptSnip;
				PRODUCT_NAME = "$(TARGET_NAME)";
				SWIFT_EMIT_LOC_STRINGS = YES;
				SWIFT_VERSION = 5.0;
			};
			name = Debug;
		};
		A237FD622C3A68AF00B319B8 /* Release */ = {
			isa = XCBuildConfiguration;
			buildSettings = {
				ASSETCATALOG_COMPILER_APPICON_NAME = AppIcon;
				ASSETCATALOG_COMPILER_GLOBAL_ACCENT_COLOR_NAME = AccentColor;
				CODE_SIGN_ENTITLEMENTS = OptSnip/OptSnip.entitlements;
				CODE_SIGN_STYLE = Automatic;
				COMBINE_HIDPI_IMAGES = YES;
				CURRENT_PROJECT_VERSION = 1;
				DEVELOPMENT_ASSET_PATHS = "\"OptSnip/Preview Content\"";
				ENABLE_PREVIEWS = YES;
				GENERATE_INFOPLIST_FILE = YES;
				INFOPLIST_KEY_NSHumanReadableCopyright = "";
				LD_RUNPATH_SEARCH_PATHS = (
					"$(inherited)",
					"@executable_path/../Frameworks",
				);
				MARKETING_VERSION = 1.0;
				PRODUCT_BUNDLE_IDENTIFIER = com.wen.OptSnip;
				PRODUCT_NAME = "$(TARGET_NAME)";
				SWIFT_EMIT_LOC_STRINGS = YES;
				SWIFT_VERSION = 5.0;
			};
			name = Release;
		};
		A237FD642C3A68AF00B319B8 /* Debug */ = {
			isa = XCBuildConfiguration;
			buildSettings = {
				ALWAYS_EMBED_SWIFT_STANDARD_LIBRARIES = YES;
				BUNDLE_LOADER = "$(TEST_HOST)";
				CODE_SIGN_STYLE = Automatic;
				CURRENT_PROJECT_VERSION = 1;
				GENERATE_INFOPLIST_FILE = YES;
				MACOSX_DEPLOYMENT_TARGET = 14.1;
				MARKETING_VERSION = 1.0;
				PRODUCT_BUNDLE_IDENTIFIER = com.wen.OptSnipTests;
				PRODUCT_NAME = "$(TARGET_NAME)";
				SWIFT_EMIT_LOC_STRINGS = NO;
				SWIFT_VERSION = 5.0;
				TEST_HOST = "$(BUILT_PRODUCTS_DIR)/OptSnip.app/$(BUNDLE_EXECUTABLE_FOLDER_PATH)/OptSnip";
			};
			name = Debug;
		};
		A237FD652C3A68AF00B319B8 /* Release */ = {
			isa = XCBuildConfiguration;
			buildSettings = {
				ALWAYS_EMBED_SWIFT_STANDARD_LIBRARIES = YES;
				BUNDLE_LOADER = "$(TEST_HOST)";
				CODE_SIGN_STYLE = Automatic;
				CURRENT_PROJECT_VERSION = 1;
				GENERATE_INFOPLIST_FILE = YES;
				MACOSX_DEPLOYMENT_TARGET = 14.1;
				MARKETING_VERSION = 1.0;
				PRODUCT_BUNDLE_IDENTIFIER = com.wen.OptSnipTests;
				PRODUCT_NAME = "$(TARGET_NAME)";
				SWIFT_EMIT_LOC_STRINGS = NO;
				SWIFT_VERSION = 5.0;
				TEST_HOST = "$(BUILT_PRODUCTS_DIR)/OptSnip.app/$(BUNDLE_EXECUTABLE_FOLDER_PATH)/OptSnip";
			};
			name = Release;
		};
		A237FD672C3A68AF00B319B8 /* Debug */ = {
			isa = XCBuildConfiguration;
			buildSettings = {
				ALWAYS_EMBED_SWIFT_STANDARD_LIBRARIES = YES;
				CODE_SIGN_STYLE = Automatic;
				CURRENT_PROJECT_VERSION = 1;
				GENERATE_INFOPLIST_FILE = YES;
				MARKETING_VERSION = 1.0;
				PRODUCT_BUNDLE_IDENTIFIER = com.wen.OptSnipUITests;
				PRODUCT_NAME = "$(TARGET_NAME)";
				SWIFT_EMIT_LOC_STRINGS = NO;
				SWIFT_VERSION = 5.0;
				TEST_TARGET_NAME = OptSnip;
			};
			name = Debug;
		};
		A237FD682C3A68AF00B319B8 /* Release */ = {
			isa = XCBuildConfiguration;
			buildSettings = {
				ALWAYS_EMBED_SWIFT_STANDARD_LIBRARIES = YES;
				CODE_SIGN_STYLE = Automatic;
				CURRENT_PROJECT_VERSION = 1;
				GENERATE_INFOPLIST_FILE = YES;
				MARKETING_VERSION = 1.0;
				PRODUCT_BUNDLE_IDENTIFIER = com.wen.OptSnipUITests;
				PRODUCT_NAME = "$(TARGET_NAME)";
				SWIFT_EMIT_LOC_STRINGS = NO;
				SWIFT_VERSION = 5.0;
				TEST_TARGET_NAME = OptSnip;
			};
			name = Release;
		};
/* End XCBuildConfiguration section */

/* Begin XCConfigurationList section */
		A237FD362C3A68AE00B319B8 /* Build configuration list for PBXProject "OptSnip" */ = {
			isa = XCConfigurationList;
			buildConfigurations = (
				A237FD5E2C3A68AF00B319B8 /* Debug */,
				A237FD5F2C3A68AF00B319B8 /* Release */,
			);
			defaultConfigurationIsVisible = 0;
			defaultConfigurationName = Release;
		};
		A237FD602C3A68AF00B319B8 /* Build configuration list for PBXNativeTarget "OptSnip" */ = {
			isa = XCConfigurationList;
			buildConfigurations = (
				A237FD612C3A68AF00B319B8 /* Debug */,
				A237FD622C3A68AF00B319B8 /* Release */,
			);
			defaultConfigurationIsVisible = 0;
			defaultConfigurationName = Release;
		};
		A237FD632C3A68AF00B319B8 /* Build configuration list for PBXNativeTarget "OptSnipTests" */ = {
			isa = XCConfigurationList;
			buildConfigurations = (
				A237FD642C3A68AF00B319B8 /* Debug */,
				A237FD652C3A68AF00B319B8 /* Release */,
			);
			defaultConfigurationIsVisible = 0;
			defaultConfigurationName = Release;
		};
		A237FD662C3A68AF00B319B8 /* Build configuration list for PBXNativeTarget "OptSnipUITests" */ = {
			isa = XCConfigurationList;
			buildConfigurations = (
				A237FD672C3A68AF00B319B8 /* Debug */,
				A237FD682C3A68AF00B319B8 /* Release */,
			);
			defaultConfigurationIsVisible = 0;
			defaultConfigurationName = Release;
		};
/* End XCConfigurationList section */
	};
	rootObject = A237FD332C3A68AE00B319B8 /* Project object */;
}
